// !$*UTF8*$!
{
	archiveVersion = 1;
	classes = {
	};
	objectVersion = 48;
	objects = {

/* Begin PBXBuildFile section */
		964F275C2051ED1000E0F031 /* AppDelegate.swift in Sources */ = {isa = PBXBuildFile; fileRef = 964F275B2051ED1000E0F031 /* AppDelegate.swift */; };
		964F275E2051ED1000E0F031 /* ViewController.swift in Sources */ = {isa = PBXBuildFile; fileRef = 964F275D2051ED1000E0F031 /* ViewController.swift */; };
		964F27612051ED1000E0F031 /* Main.storyboard in Resources */ = {isa = PBXBuildFile; fileRef = 964F275F2051ED1000E0F031 /* Main.storyboard */; };
		964F27632051ED1000E0F031 /* Assets.xcassets in Resources */ = {isa = PBXBuildFile; fileRef = 964F27622051ED1000E0F031 /* Assets.xcassets */; };
		964F27662051ED1000E0F031 /* LaunchScreen.storyboard in Resources */ = {isa = PBXBuildFile; fileRef = 964F27642051ED1000E0F031 /* LaunchScreen.storyboard */; };
		964F277A2051F5F300E0F031 /* KeyboardViewController.swift in Sources */ = {isa = PBXBuildFile; fileRef = 964F27792051F5F300E0F031 /* KeyboardViewController.swift */; };
		964F277E2051F5F300E0F031 /* CodingBoard.appex in Embed App Extensions */ = {isa = PBXBuildFile; fileRef = 964F27772051F5F300E0F031 /* CodingBoard.appex */; settings = {ATTRIBUTES = (RemoveHeadersOnCopy, ); }; };
		964F27842051F74900E0F031 /* KeyButton.swift in Sources */ = {isa = PBXBuildFile; fileRef = 964F27832051F74900E0F031 /* KeyButton.swift */; };
		964F2789205240DF00E0F031 /* BoardView.swift in Sources */ = {isa = PBXBuildFile; fileRef = 964F2788205240DF00E0F031 /* BoardView.swift */; };
/* End PBXBuildFile section */

/* Begin PBXContainerItemProxy section */
		960D743E2054BE7900FA4835 /* PBXContainerItemProxy */ = {
			isa = PBXContainerItemProxy;
			containerPortal = 964F27502051ED1000E0F031 /* Project object */;
			proxyType = 1;
			remoteGlobalIDString = 964F27572051ED1000E0F031;
			remoteInfo = CodingKeyboard;
		};
		964F277C2051F5F300E0F031 /* PBXContainerItemProxy */ = {
			isa = PBXContainerItemProxy;
			containerPortal = 964F27502051ED1000E0F031 /* Project object */;
			proxyType = 1;
			remoteGlobalIDString = 964F27762051F5F300E0F031;
			remoteInfo = CodingBoard;
		};
/* End PBXContainerItemProxy section */

/* Begin PBXCopyFilesBuildPhase section */
		964F27822051F5F300E0F031 /* Embed App Extensions */ = {
			isa = PBXCopyFilesBuildPhase;
			buildActionMask = 2147483647;
			dstPath = "";
			dstSubfolderSpec = 13;
			files = (
				964F277E2051F5F300E0F031 /* CodingBoard.appex in Embed App Extensions */,
			);
			name = "Embed App Extensions";
			runOnlyForDeploymentPostprocessing = 0;
		};
/* End PBXCopyFilesBuildPhase section */

/* Begin PBXFileReference section */
		964F27582051ED1000E0F031 /* CodingKeyboard.app */ = {isa = PBXFileReference; explicitFileType = wrapper.application; includeInIndex = 0; path = CodingKeyboard.app; sourceTree = BUILT_PRODUCTS_DIR; };
		964F275B2051ED1000E0F031 /* AppDelegate.swift */ = {isa = PBXFileReference; lastKnownFileType = sourcecode.swift; path = AppDelegate.swift; sourceTree = "<group>"; };
		964F275D2051ED1000E0F031 /* ViewController.swift */ = {isa = PBXFileReference; lastKnownFileType = sourcecode.swift; path = ViewController.swift; sourceTree = "<group>"; };
		964F27602051ED1000E0F031 /* Base */ = {isa = PBXFileReference; lastKnownFileType = file.storyboard; name = Base; path = Base.lproj/Main.storyboard; sourceTree = "<group>"; };
		964F27622051ED1000E0F031 /* Assets.xcassets */ = {isa = PBXFileReference; lastKnownFileType = folder.assetcatalog; path = Assets.xcassets; sourceTree = "<group>"; };
		964F27652051ED1000E0F031 /* Base */ = {isa = PBXFileReference; lastKnownFileType = file.storyboard; name = Base; path = Base.lproj/LaunchScreen.storyboard; sourceTree = "<group>"; };
		964F27672051ED1000E0F031 /* Info.plist */ = {isa = PBXFileReference; lastKnownFileType = text.plist.xml; path = Info.plist; sourceTree = "<group>"; };
		964F276D2051ED6C00E0F031 /* LICENSE */ = {isa = PBXFileReference; fileEncoding = 4; lastKnownFileType = text; path = LICENSE; sourceTree = "<group>"; };
		964F276E2051ED6C00E0F031 /* .gitignore */ = {isa = PBXFileReference; fileEncoding = 4; lastKnownFileType = text; path = .gitignore; sourceTree = "<group>"; };
		964F276F2051ED6C00E0F031 /* README.md */ = {isa = PBXFileReference; fileEncoding = 4; lastKnownFileType = net.daringfireball.markdown; path = README.md; sourceTree = "<group>"; };
		964F27772051F5F300E0F031 /* CodingBoard.appex */ = {isa = PBXFileReference; explicitFileType = "wrapper.app-extension"; includeInIndex = 0; path = CodingBoard.appex; sourceTree = BUILT_PRODUCTS_DIR; };
		964F27792051F5F300E0F031 /* KeyboardViewController.swift */ = {isa = PBXFileReference; lastKnownFileType = sourcecode.swift; path = KeyboardViewController.swift; sourceTree = "<group>"; };
		964F277B2051F5F300E0F031 /* Info.plist */ = {isa = PBXFileReference; lastKnownFileType = text.plist.xml; path = Info.plist; sourceTree = "<group>"; };
		964F27832051F74900E0F031 /* KeyButton.swift */ = {isa = PBXFileReference; lastKnownFileType = sourcecode.swift; path = KeyButton.swift; sourceTree = "<group>"; };
		964F2788205240DF00E0F031 /* BoardView.swift */ = {isa = PBXFileReference; lastKnownFileType = sourcecode.swift; path = BoardView.swift; sourceTree = "<group>"; };
/* End PBXFileReference section */

/* Begin PBXFrameworksBuildPhase section */
		964F27552051ED1000E0F031 /* Frameworks */ = {
			isa = PBXFrameworksBuildPhase;
			buildActionMask = 2147483647;
			files = (
			);
			runOnlyForDeploymentPostprocessing = 0;
		};
		964F27742051F5F300E0F031 /* Frameworks */ = {
			isa = PBXFrameworksBuildPhase;
			buildActionMask = 2147483647;
			files = (
			);
			runOnlyForDeploymentPostprocessing = 0;
		};
/* End PBXFrameworksBuildPhase section */

/* Begin PBXGroup section */
		964F274F2051ED1000E0F031 = {
			isa = PBXGroup;
			children = (
				964F275A2051ED1000E0F031 /* CodingKeyboard */,
				964F27782051F5F300E0F031 /* CodingBoard */,
				964F27592051ED1000E0F031 /* Products */,
				964F276E2051ED6C00E0F031 /* .gitignore */,
				964F276D2051ED6C00E0F031 /* LICENSE */,
				964F276F2051ED6C00E0F031 /* README.md */,
			);
			sourceTree = "<group>";
		};
		964F27592051ED1000E0F031 /* Products */ = {
			isa = PBXGroup;
			children = (
				964F27582051ED1000E0F031 /* CodingKeyboard.app */,
				964F27772051F5F300E0F031 /* CodingBoard.appex */,
			);
			name = Products;
			sourceTree = "<group>";
		};
		964F275A2051ED1000E0F031 /* CodingKeyboard */ = {
			isa = PBXGroup;
			children = (
				964F275B2051ED1000E0F031 /* AppDelegate.swift */,
				964F275D2051ED1000E0F031 /* ViewController.swift */,
				964F275F2051ED1000E0F031 /* Main.storyboard */,
				964F27622051ED1000E0F031 /* Assets.xcassets */,
				964F27642051ED1000E0F031 /* LaunchScreen.storyboard */,
				964F27672051ED1000E0F031 /* Info.plist */,
			);
			path = CodingKeyboard;
			sourceTree = "<group>";
		};
		964F27782051F5F300E0F031 /* CodingBoard */ = {
			isa = PBXGroup;
			children = (
				964F27792051F5F300E0F031 /* KeyboardViewController.swift */,
				964F277B2051F5F300E0F031 /* Info.plist */,
				964F27832051F74900E0F031 /* KeyButton.swift */,
				964F2788205240DF00E0F031 /* BoardView.swift */,
			);
			path = CodingBoard;
			sourceTree = "<group>";
		};
/* End PBXGroup section */

/* Begin PBXNativeTarget section */
		964F27572051ED1000E0F031 /* CodingKeyboard */ = {
			isa = PBXNativeTarget;
			buildConfigurationList = 964F276A2051ED1000E0F031 /* Build configuration list for PBXNativeTarget "CodingKeyboard" */;
			buildPhases = (
				964F27542051ED1000E0F031 /* Sources */,
				964F27552051ED1000E0F031 /* Frameworks */,
				964F27562051ED1000E0F031 /* Resources */,
				964F27822051F5F300E0F031 /* Embed App Extensions */,
			);
			buildRules = (
			);
			dependencies = (
				964F277D2051F5F300E0F031 /* PBXTargetDependency */,
			);
			name = CodingKeyboard;
			productName = CodingKeyboard;
			productReference = 964F27582051ED1000E0F031 /* CodingKeyboard.app */;
			productType = "com.apple.product-type.application";
		};
		964F27762051F5F300E0F031 /* CodingBoard */ = {
			isa = PBXNativeTarget;
			buildConfigurationList = 964F277F2051F5F300E0F031 /* Build configuration list for PBXNativeTarget "CodingBoard" */;
			buildPhases = (
				964F27732051F5F300E0F031 /* Sources */,
				964F27742051F5F300E0F031 /* Frameworks */,
				964F27752051F5F300E0F031 /* Resources */,
			);
			buildRules = (
			);
			dependencies = (
				960D743F2054BE7900FA4835 /* PBXTargetDependency */,
			);
			name = CodingBoard;
			productName = CodingBoard;
			productReference = 964F27772051F5F300E0F031 /* CodingBoard.appex */;
			productType = "com.apple.product-type.app-extension";
		};
/* End PBXNativeTarget section */

/* Begin PBXProject section */
		964F27502051ED1000E0F031 /* Project object */ = {
			isa = PBXProject;
			attributes = {
				LastSwiftUpdateCheck = 0920;
				LastUpgradeCheck = 0920;
				ORGANIZATIONNAME = iuyyoy;
				TargetAttributes = {
					964F27572051ED1000E0F031 = {
						CreatedOnToolsVersion = 9.2;
						ProvisioningStyle = Automatic;
					};
					964F27762051F5F300E0F031 = {
						CreatedOnToolsVersion = 9.2;
						ProvisioningStyle = Automatic;
					};
				};
			};
			buildConfigurationList = 964F27532051ED1000E0F031 /* Build configuration list for PBXProject "CodingKeyboard" */;
			compatibilityVersion = "Xcode 8.0";
			developmentRegion = en;
			hasScannedForEncodings = 0;
			knownRegions = (
				en,
				Base,
			);
			mainGroup = 964F274F2051ED1000E0F031;
			productRefGroup = 964F27592051ED1000E0F031 /* Products */;
			projectDirPath = "";
			projectRoot = "";
			targets = (
				964F27572051ED1000E0F031 /* CodingKeyboard */,
				964F27762051F5F300E0F031 /* CodingBoard */,
			);
		};
/* End PBXProject section */

/* Begin PBXResourcesBuildPhase section */
		964F27562051ED1000E0F031 /* Resources */ = {
			isa = PBXResourcesBuildPhase;
			buildActionMask = 2147483647;
			files = (
				964F27662051ED1000E0F031 /* LaunchScreen.storyboard in Resources */,
				964F27632051ED1000E0F031 /* Assets.xcassets in Resources */,
				964F27612051ED1000E0F031 /* Main.storyboard in Resources */,
			);
			runOnlyForDeploymentPostprocessing = 0;
		};
		964F27752051F5F300E0F031 /* Resources */ = {
			isa = PBXResourcesBuildPhase;
			buildActionMask = 2147483647;
			files = (
			);
			runOnlyForDeploymentPostprocessing = 0;
		};
/* End PBXResourcesBuildPhase section */

/* Begin PBXSourcesBuildPhase section */
		964F27542051ED1000E0F031 /* Sources */ = {
			isa = PBXSourcesBuildPhase;
			buildActionMask = 2147483647;
			files = (
				964F275E2051ED1000E0F031 /* ViewController.swift in Sources */,
				964F275C2051ED1000E0F031 /* AppDelegate.swift in Sources */,
			);
			runOnlyForDeploymentPostprocessing = 0;
		};
		964F27732051F5F300E0F031 /* Sources */ = {
			isa = PBXSourcesBuildPhase;
			buildActionMask = 2147483647;
			files = (
				964F2789205240DF00E0F031 /* BoardView.swift in Sources */,
				964F277A2051F5F300E0F031 /* KeyboardViewController.swift in Sources */,
				964F27842051F74900E0F031 /* KeyButton.swift in Sources */,
			);
			runOnlyForDeploymentPostprocessing = 0;
		};
/* End PBXSourcesBuildPhase section */

/* Begin PBXTargetDependency section */
		960D743F2054BE7900FA4835 /* PBXTargetDependency */ = {
			isa = PBXTargetDependency;
			target = 964F27572051ED1000E0F031 /* CodingKeyboard */;
			targetProxy = 960D743E2054BE7900FA4835 /* PBXContainerItemProxy */;
		};
		964F277D2051F5F300E0F031 /* PBXTargetDependency */ = {
			isa = PBXTargetDependency;
			target = 964F27762051F5F300E0F031 /* CodingBoard */;
			targetProxy = 964F277C2051F5F300E0F031 /* PBXContainerItemProxy */;
		};
/* End PBXTargetDependency section */

/* Begin PBXVariantGroup section */
		964F275F2051ED1000E0F031 /* Main.storyboard */ = {
			isa = PBXVariantGroup;
			children = (
				964F27602051ED1000E0F031 /* Base */,
			);
			name = Main.storyboard;
			sourceTree = "<group>";
		};
		964F27642051ED1000E0F031 /* LaunchScreen.storyboard */ = {
			isa = PBXVariantGroup;
			children = (
				964F27652051ED1000E0F031 /* Base */,
			);
			name = LaunchScreen.storyboard;
			sourceTree = "<group>";
		};
/* End PBXVariantGroup section */

/* Begin XCBuildConfiguration section */
		964F27682051ED1000E0F031 /* Debug */ = {
			isa = XCBuildConfiguration;
			buildSettings = {
				ALWAYS_SEARCH_USER_PATHS = NO;
				ASSETCATALOG_COMPILER_APPICON_NAME = "";
				CLANG_ANALYZER_NONNULL = YES;
				CLANG_ANALYZER_NUMBER_OBJECT_CONVERSION = YES_AGGRESSIVE;
				CLANG_CXX_LANGUAGE_STANDARD = "gnu++14";
				CLANG_CXX_LIBRARY = "libc++";
				CLANG_ENABLE_MODULES = YES;
				CLANG_ENABLE_OBJC_ARC = YES;
				CLANG_WARN_BLOCK_CAPTURE_AUTORELEASING = YES;
				CLANG_WARN_BOOL_CONVERSION = YES;
				CLANG_WARN_COMMA = YES;
				CLANG_WARN_CONSTANT_CONVERSION = YES;
				CLANG_WARN_DIRECT_OBJC_ISA_USAGE = YES_ERROR;
				CLANG_WARN_DOCUMENTATION_COMMENTS = YES;
				CLANG_WARN_EMPTY_BODY = YES;
				CLANG_WARN_ENUM_CONVERSION = YES;
				CLANG_WARN_INFINITE_RECURSION = YES;
				CLANG_WARN_INT_CONVERSION = YES;
				CLANG_WARN_NON_LITERAL_NULL_CONVERSION = YES;
				CLANG_WARN_OBJC_LITERAL_CONVERSION = YES;
				CLANG_WARN_OBJC_ROOT_CLASS = YES_ERROR;
				CLANG_WARN_RANGE_LOOP_ANALYSIS = YES;
				CLANG_WARN_STRICT_PROTOTYPES = YES;
				CLANG_WARN_SUSPICIOUS_MOVE = YES;
				CLANG_WARN_UNGUARDED_AVAILABILITY = YES_AGGRESSIVE;
				CLANG_WARN_UNREACHABLE_CODE = YES;
				CLANG_WARN__DUPLICATE_METHOD_MATCH = YES;
				CODE_SIGN_IDENTITY = "iPhone Developer";
				COPY_PHASE_STRIP = NO;
				DEBUG_INFORMATION_FORMAT = dwarf;
				ENABLE_STRICT_OBJC_MSGSEND = YES;
				ENABLE_TESTABILITY = YES;
				GCC_C_LANGUAGE_STANDARD = gnu11;
				GCC_DYNAMIC_NO_PIC = NO;
				GCC_NO_COMMON_BLOCKS = YES;
				GCC_OPTIMIZATION_LEVEL = 0;
				GCC_PREPROCESSOR_DEFINITIONS = (
					"DEBUG=1",
					"$(inherited)",
				);
				GCC_WARN_64_TO_32_BIT_CONVERSION = YES;
				GCC_WARN_ABOUT_RETURN_TYPE = YES_ERROR;
				GCC_WARN_UNDECLARED_SELECTOR = YES;
				GCC_WARN_UNINITIALIZED_AUTOS = YES_AGGRESSIVE;
				GCC_WARN_UNUSED_FUNCTION = YES;
				GCC_WARN_UNUSED_VARIABLE = YES;
				IPHONEOS_DEPLOYMENT_TARGET = 10.0;
				MTL_ENABLE_DEBUG_INFO = YES;
				ONLY_ACTIVE_ARCH = YES;
				SDKROOT = iphoneos;
				SWIFT_ACTIVE_COMPILATION_CONDITIONS = DEBUG;
				SWIFT_OPTIMIZATION_LEVEL = "-Onone";
				TARGETED_DEVICE_FAMILY = "1,2";
			};
			name = Debug;
		};
		964F27692051ED1000E0F031 /* Release */ = {
			isa = XCBuildConfiguration;
			buildSettings = {
				ALWAYS_SEARCH_USER_PATHS = NO;
				CLANG_ANALYZER_NONNULL = YES;
				CLANG_ANALYZER_NUMBER_OBJECT_CONVERSION = YES_AGGRESSIVE;
				CLANG_CXX_LANGUAGE_STANDARD = "gnu++14";
				CLANG_CXX_LIBRARY = "libc++";
				CLANG_ENABLE_MODULES = YES;
				CLANG_ENABLE_OBJC_ARC = YES;
				CLANG_WARN_BLOCK_CAPTURE_AUTORELEASING = YES;
				CLANG_WARN_BOOL_CONVERSION = YES;
				CLANG_WARN_COMMA = YES;
				CLANG_WARN_CONSTANT_CONVERSION = YES;
				CLANG_WARN_DIRECT_OBJC_ISA_USAGE = YES_ERROR;
				CLANG_WARN_DOCUMENTATION_COMMENTS = YES;
				CLANG_WARN_EMPTY_BODY = YES;
				CLANG_WARN_ENUM_CONVERSION = YES;
				CLANG_WARN_INFINITE_RECURSION = YES;
				CLANG_WARN_INT_CONVERSION = YES;
				CLANG_WARN_NON_LITERAL_NULL_CONVERSION = YES;
				CLANG_WARN_OBJC_LITERAL_CONVERSION = YES;
				CLANG_WARN_OBJC_ROOT_CLASS = YES_ERROR;
				CLANG_WARN_RANGE_LOOP_ANALYSIS = YES;
				CLANG_WARN_STRICT_PROTOTYPES = YES;
				CLANG_WARN_SUSPICIOUS_MOVE = YES;
				CLANG_WARN_UNGUARDED_AVAILABILITY = YES_AGGRESSIVE;
				CLANG_WARN_UNREACHABLE_CODE = YES;
				CLANG_WARN__DUPLICATE_METHOD_MATCH = YES;
				CODE_SIGN_IDENTITY = "iPhone Developer";
				COPY_PHASE_STRIP = NO;
				DEBUG_INFORMATION_FORMAT = "dwarf-with-dsym";
				ENABLE_NS_ASSERTIONS = NO;
				ENABLE_STRICT_OBJC_MSGSEND = YES;
				GCC_C_LANGUAGE_STANDARD = gnu11;
				GCC_NO_COMMON_BLOCKS = YES;
				GCC_WARN_64_TO_32_BIT_CONVERSION = YES;
				GCC_WARN_ABOUT_RETURN_TYPE = YES_ERROR;
				GCC_WARN_UNDECLARED_SELECTOR = YES;
				GCC_WARN_UNINITIALIZED_AUTOS = YES_AGGRESSIVE;
				GCC_WARN_UNUSED_FUNCTION = YES;
				GCC_WARN_UNUSED_VARIABLE = YES;
				IPHONEOS_DEPLOYMENT_TARGET = 10.0;
				MTL_ENABLE_DEBUG_INFO = NO;
				SDKROOT = iphoneos;
				SWIFT_OPTIMIZATION_LEVEL = "-Owholemodule";
				TARGETED_DEVICE_FAMILY = "1,2";
				VALIDATE_PRODUCT = YES;
			};
			name = Release;
		};
		964F276B2051ED1000E0F031 /* Debug */ = {
			isa = XCBuildConfiguration;
			buildSettings = {
				ALWAYS_EMBED_SWIFT_STANDARD_LIBRARIES = NO;
				ASSETCATALOG_COMPILER_APPICON_NAME = AppIcon;
				"CODE_SIGN_IDENTITY[sdk=iphoneos*]" = "iPhone Developer";
				CODE_SIGN_STYLE = Automatic;
				DEVELOPMENT_TEAM = ALZ8KLN7P8;
				ENABLE_ON_DEMAND_RESOURCES = YES;
				GENERATE_PKGINFO_FILE = NO;
				INFOPLIST_FILE = CodingKeyboard/Info.plist;
				IPHONEOS_DEPLOYMENT_TARGET = 9.3;
				LD_RUNPATH_SEARCH_PATHS = "$(inherited) @executable_path/Frameworks";
				PRODUCT_BUNDLE_IDENTIFIER = iuyyoy.CodingKeyboard;
				PRODUCT_NAME = "$(TARGET_NAME)";
				PROVISIONING_PROFILE_SPECIFIER = "";
				SWIFT_VERSION = 4.0;
				TARGETED_DEVICE_FAMILY = "1,2";
			};
			name = Debug;
		};
		964F276C2051ED1000E0F031 /* Release */ = {
			isa = XCBuildConfiguration;
			buildSettings = {
				ALWAYS_EMBED_SWIFT_STANDARD_LIBRARIES = NO;
				ASSETCATALOG_COMPILER_APPICON_NAME = AppIcon;
				"CODE_SIGN_IDENTITY[sdk=iphoneos*]" = "iPhone Developer";
				CODE_SIGN_STYLE = Automatic;
				DEVELOPMENT_TEAM = ALZ8KLN7P8;
				ENABLE_ON_DEMAND_RESOURCES = YES;
				GENERATE_PKGINFO_FILE = NO;
				INFOPLIST_FILE = CodingKeyboard/Info.plist;
				IPHONEOS_DEPLOYMENT_TARGET = 9.3;
				LD_RUNPATH_SEARCH_PATHS = "$(inherited) @executable_path/Frameworks";
				PRODUCT_BUNDLE_IDENTIFIER = iuyyoy.CodingKeyboard;
				PRODUCT_NAME = "$(TARGET_NAME)";
				PROVISIONING_PROFILE_SPECIFIER = "";
				SWIFT_VERSION = 4.0;
				TARGETED_DEVICE_FAMILY = "1,2";
			};
			name = Release;
		};
		964F27802051F5F300E0F031 /* Debug */ = {
			isa = XCBuildConfiguration;
			buildSettings = {
				CODE_SIGN_STYLE = Automatic;
				DEVELOPMENT_TEAM = ALZ8KLN7P8;
				INFOPLIST_FILE = CodingBoard/Info.plist;
				LD_RUNPATH_SEARCH_PATHS = "$(inherited) @executable_path/Frameworks @executable_path/../../Frameworks";
				PRODUCT_BUNDLE_IDENTIFIER = iuyyoy.CodingKeyboard.CodingBoard;
				PRODUCT_NAME = "$(TARGET_NAME)";
				SKIP_INSTALL = YES;
				SWIFT_VERSION = 4.0;
				TARGETED_DEVICE_FAMILY = 1;
			};
			name = Debug;
		};
		964F27812051F5F300E0F031 /* Release */ = {
			isa = XCBuildConfiguration;
			buildSettings = {
				CODE_SIGN_STYLE = Automatic;
				DEVELOPMENT_TEAM = ALZ8KLN7P8;
				INFOPLIST_FILE = CodingBoard/Info.plist;
				LD_RUNPATH_SEARCH_PATHS = "$(inherited) @executable_path/Frameworks @executable_path/../../Frameworks";
				PRODUCT_BUNDLE_IDENTIFIER = iuyyoy.CodingKeyboard.CodingBoard;
				PRODUCT_NAME = "$(TARGET_NAME)";
				SKIP_INSTALL = YES;
				SWIFT_VERSION = 4.0;
				TARGETED_DEVICE_FAMILY = 1;
			};
			name = Release;
		};
/* End XCBuildConfiguration section */

/* Begin XCConfigurationList section */
		964F27532051ED1000E0F031 /* Build configuration list for PBXProject "CodingKeyboard" */ = {
			isa = XCConfigurationList;
			buildConfigurations = (
				964F27682051ED1000E0F031 /* Debug */,
				964F27692051ED1000E0F031 /* Release */,
			);
			defaultConfigurationIsVisible = 0;
			defaultConfigurationName = Release;
		};
		964F276A2051ED1000E0F031 /* Build configuration list for PBXNativeTarget "CodingKeyboard" */ = {
			isa = XCConfigurationList;
			buildConfigurations = (
				964F276B2051ED1000E0F031 /* Debug */,
				964F276C2051ED1000E0F031 /* Release */,
			);
			defaultConfigurationIsVisible = 0;
			defaultConfigurationName = Release;
		};
		964F277F2051F5F300E0F031 /* Build configuration list for PBXNativeTarget "CodingBoard" */ = {
			isa = XCConfigurationList;
			buildConfigurations = (
				964F27802051F5F300E0F031 /* Debug */,
				964F27812051F5F300E0F031 /* Release */,
			);
			defaultConfigurationIsVisible = 0;
			defaultConfigurationName = Release;
		};
/* End XCConfigurationList section */
	};
	rootObject = 964F27502051ED1000E0F031 /* Project object */;
}
